// !$*UTF8*$!
{
	archiveVersion = 1;
	classes = {
	};
	objectVersion = 56;
	objects = {

/* Begin PBXBuildFile section */
		A10000010000000000000001 /* myFuckingMusicApp.swift in Sources */ = {isa = PBXBuildFile; fileRef = A20000010000000000000001 /* myFuckingMusicApp.swift */; };
		A10000010000000000000002 /* ContentView.swift in Sources */ = {isa = PBXBuildFile; fileRef = A20000010000000000000002 /* ContentView.swift */; };
		A10000010000000000000003 /* Station.swift in Sources */ = {isa = PBXBuildFile; fileRef = A20000010000000000000003 /* Station.swift */; };
		A10000010000000000000004 /* Detection.swift in Sources */ = {isa = PBXBuildFile; fileRef = A20000010000000000000004 /* Detection.swift */; };
		A10000010000000000000005 /* User.swift in Sources */ = {isa = PBXBuildFile; fileRef = A20000010000000000000005 /* User.swift */; };
		A10000010000000000000006 /* AudioSnippet.swift in Sources */ = {isa = PBXBuildFile; fileRef = A20000010000000000000006 /* AudioSnippet.swift */; };
		A10000010000000000000007 /* Invitation.swift in Sources */ = {isa = PBXBuildFile; fileRef = A20000010000000000000007 /* Invitation.swift */; };
		A10000010000000000000008 /* APIClient.swift in Sources */ = {isa = PBXBuildFile; fileRef = A20000010000000000000008 /* APIClient.swift */; };
		A10000010000000000000009 /* APIEndpoint.swift in Sources */ = {isa = PBXBuildFile; fileRef = A20000010000000000000009 /* APIEndpoint.swift */; };
		A10000010000000000000010 /* KeychainHelper.swift in Sources */ = {isa = PBXBuildFile; fileRef = A20000010000000000000010 /* KeychainHelper.swift */; };
		A10000010000000000000011 /* AuthManager.swift in Sources */ = {isa = PBXBuildFile; fileRef = A20000010000000000000011 /* AuthManager.swift */; };
		A10000010000000000000012 /* AuthResponse.swift in Sources */ = {isa = PBXBuildFile; fileRef = A20000010000000000000012 /* AuthResponse.swift */; };
		A10000010000000000000013 /* AuthViewModel.swift in Sources */ = {isa = PBXBuildFile; fileRef = A20000010000000000000013 /* AuthViewModel.swift */; };
		A10000010000000000000014 /* WelcomeView.swift in Sources */ = {isa = PBXBuildFile; fileRef = A20000010000000000000014 /* WelcomeView.swift */; };
		A10000010000000000000015 /* InviteCodeView.swift in Sources */ = {isa = PBXBuildFile; fileRef = A20000010000000000000015 /* InviteCodeView.swift */; };
		A10000010000000000000016 /* RegisterView.swift in Sources */ = {isa = PBXBuildFile; fileRef = A20000010000000000000016 /* RegisterView.swift */; };
		A10000010000000000000017 /* LoginView.swift in Sources */ = {isa = PBXBuildFile; fileRef = A20000010000000000000017 /* LoginView.swift */; };
		A10000010000000000000018 /* MainTabView.swift in Sources */ = {isa = PBXBuildFile; fileRef = A20000010000000000000018 /* MainTabView.swift */; };
		A10000010000000000000019 /* SettingsView.swift in Sources */ = {isa = PBXBuildFile; fileRef = A20000010000000000000019 /* SettingsView.swift */; };
		A10000010000000000000020 /* PaginatedResponse.swift in Sources */ = {isa = PBXBuildFile; fileRef = A20000010000000000000020 /* PaginatedResponse.swift */; };
		A10000010000000000000021 /* DetectionsViewModel.swift in Sources */ = {isa = PBXBuildFile; fileRef = A20000010000000000000021 /* DetectionsViewModel.swift */; };
		A10000010000000000000022 /* DateFormatters.swift in Sources */ = {isa = PBXBuildFile; fileRef = A20000010000000000000022 /* DateFormatters.swift */; };
		A10000010000000000000023 /* DashboardModels.swift in Sources */ = {isa = PBXBuildFile; fileRef = A20000010000000000000023 /* DashboardModels.swift */; };
		A10000010000000000000024 /* DashboardViewModel.swift in Sources */ = {isa = PBXBuildFile; fileRef = A20000010000000000000024 /* DashboardViewModel.swift */; };
		A10000010000000000000025 /* DashboardView.swift in Sources */ = {isa = PBXBuildFile; fileRef = A20000010000000000000025 /* DashboardView.swift */; };
		A10000010000000000000026 /* SummaryCardsView.swift in Sources */ = {isa = PBXBuildFile; fileRef = A20000010000000000000026 /* SummaryCardsView.swift */; };
		A10000010000000000000027 /* PlayCountChartView.swift in Sources */ = {isa = PBXBuildFile; fileRef = A20000010000000000000027 /* PlayCountChartView.swift */; };
		A10000010000000000000028 /* TopStationsView.swift in Sources */ = {isa = PBXBuildFile; fileRef = A20000010000000000000028 /* TopStationsView.swift */; };
		A10000010000000000000029 /* LoadingView.swift in Sources */ = {isa = PBXBuildFile; fileRef = A20000010000000000000029 /* LoadingView.swift */; };
		A10000010000000000000030 /* ErrorView.swift in Sources */ = {isa = PBXBuildFile; fileRef = A20000010000000000000030 /* ErrorView.swift */; };
		A10000010000000000000031 /* DetectionsView.swift in Sources */ = {isa = PBXBuildFile; fileRef = A20000010000000000000031 /* DetectionsView.swift */; };
		A10000010000000000000032 /* DetectionRowView.swift in Sources */ = {isa = PBXBuildFile; fileRef = A20000010000000000000032 /* DetectionRowView.swift */; };
		A10000010000000000000033 /* FilterChipsView.swift in Sources */ = {isa = PBXBuildFile; fileRef = A20000010000000000000033 /* FilterChipsView.swift */; };
		A10000010000000000000034 /* SearchView.swift in Sources */ = {isa = PBXBuildFile; fileRef = A20000010000000000000034 /* SearchView.swift */; };
		A10000010000000000000035 /* AudioPlayerManager.swift in Sources */ = {isa = PBXBuildFile; fileRef = A20000010000000000000035 /* AudioPlayerManager.swift */; };
		A10000010000000000000036 /* SnippetPlayerView.swift in Sources */ = {isa = PBXBuildFile; fileRef = A20000010000000000000036 /* SnippetPlayerView.swift */; };
		A10000010000000000000037 /* SSEClient.swift in Sources */ = {isa = PBXBuildFile; fileRef = A20000010000000000000037 /* SSEClient.swift */; };
		A10000010000000000000038 /* LiveFeedViewModel.swift in Sources */ = {isa = PBXBuildFile; fileRef = A20000010000000000000038 /* LiveFeedViewModel.swift */; };
		A10000010000000000000039 /* LiveFeedView.swift in Sources */ = {isa = PBXBuildFile; fileRef = A20000010000000000000039 /* LiveFeedView.swift */; };
		A10000010000000000000040 /* NewDetectionsPill.swift in Sources */ = {isa = PBXBuildFile; fileRef = A20000010000000000000040 /* NewDetectionsPill.swift */; };
		A10000010000000000000041 /* ExportService.swift in Sources */ = {isa = PBXBuildFile; fileRef = A20000010000000000000041 /* ExportService.swift */; };
		A10000010000000000000042 /* ExportViewModel.swift in Sources */ = {isa = PBXBuildFile; fileRef = A20000010000000000000042 /* ExportViewModel.swift */; };
		A10000010000000000000043 /* AppDelegate.swift in Sources */ = {isa = PBXBuildFile; fileRef = A20000010000000000000043 /* AppDelegate.swift */; };
		A10000010000000000000044 /* NotificationManager.swift in Sources */ = {isa = PBXBuildFile; fileRef = A20000010000000000000044 /* NotificationManager.swift */; };
		A10000010000000000000045 /* NotificationModels.swift in Sources */ = {isa = PBXBuildFile; fileRef = A20000010000000000000045 /* NotificationModels.swift */; };
		A10000010000000000000046 /* NotificationsViewModel.swift in Sources */ = {isa = PBXBuildFile; fileRef = A20000010000000000000046 /* NotificationsViewModel.swift */; };
		A10000010000000000000047 /* NotificationsSettingsView.swift in Sources */ = {isa = PBXBuildFile; fileRef = A20000010000000000000047 /* NotificationsSettingsView.swift */; };
		A10000010000000000000048 /* DigestDetailView.swift in Sources */ = {isa = PBXBuildFile; fileRef = A20000010000000000000048 /* DigestDetailView.swift */; };
		A10000010000000000000049 /* CompetitorModels.swift in Sources */ = {isa = PBXBuildFile; fileRef = A20000010000000000000049 /* CompetitorModels.swift */; };
		A10000010000000000000050 /* CompetitorListViewModel.swift in Sources */ = {isa = PBXBuildFile; fileRef = A20000010000000000000050 /* CompetitorListViewModel.swift */; };
		A10000010000000000000051 /* CompetitorDetailViewModel.swift in Sources */ = {isa = PBXBuildFile; fileRef = A20000010000000000000051 /* CompetitorDetailViewModel.swift */; };
		A10000010000000000000052 /* CompetitorListView.swift in Sources */ = {isa = PBXBuildFile; fileRef = A20000010000000000000052 /* CompetitorListView.swift */; };
		A10000010000000000000053 /* CompetitorDetailView.swift in Sources */ = {isa = PBXBuildFile; fileRef = A20000010000000000000053 /* CompetitorDetailView.swift */; };
		A10000010000000000000054 /* CompetitorStationPickerView.swift in Sources */ = {isa = PBXBuildFile; fileRef = A20000010000000000000054 /* CompetitorStationPickerView.swift */; };
/* End PBXBuildFile section */

/* Begin PBXFileReference section */
		A20000010000000000000001 /* myFuckingMusicApp.swift */ = {isa = PBXFileReference; lastKnownFileType = sourcecode.swift; path = myFuckingMusicApp.swift; sourceTree = "<group>"; };
		A20000010000000000000002 /* ContentView.swift */ = {isa = PBXFileReference; lastKnownFileType = sourcecode.swift; path = ContentView.swift; sourceTree = "<group>"; };
		A20000010000000000000003 /* Station.swift */ = {isa = PBXFileReference; lastKnownFileType = sourcecode.swift; path = Station.swift; sourceTree = "<group>"; };
		A20000010000000000000004 /* Detection.swift */ = {isa = PBXFileReference; lastKnownFileType = sourcecode.swift; path = Detection.swift; sourceTree = "<group>"; };
		A20000010000000000000005 /* User.swift */ = {isa = PBXFileReference; lastKnownFileType = sourcecode.swift; path = User.swift; sourceTree = "<group>"; };
		A20000010000000000000006 /* AudioSnippet.swift */ = {isa = PBXFileReference; lastKnownFileType = sourcecode.swift; path = AudioSnippet.swift; sourceTree = "<group>"; };
		A20000010000000000000007 /* Invitation.swift */ = {isa = PBXFileReference; lastKnownFileType = sourcecode.swift; path = Invitation.swift; sourceTree = "<group>"; };
		A20000010000000000000008 /* APIClient.swift */ = {isa = PBXFileReference; lastKnownFileType = sourcecode.swift; path = APIClient.swift; sourceTree = "<group>"; };
		A20000010000000000000009 /* APIEndpoint.swift */ = {isa = PBXFileReference; lastKnownFileType = sourcecode.swift; path = APIEndpoint.swift; sourceTree = "<group>"; };
		A20000010000000000000010 /* KeychainHelper.swift */ = {isa = PBXFileReference; lastKnownFileType = sourcecode.swift; path = KeychainHelper.swift; sourceTree = "<group>"; };
		A20000010000000000000011 /* AuthManager.swift */ = {isa = PBXFileReference; lastKnownFileType = sourcecode.swift; path = AuthManager.swift; sourceTree = "<group>"; };
		A20000010000000000000012 /* AuthResponse.swift */ = {isa = PBXFileReference; lastKnownFileType = sourcecode.swift; path = AuthResponse.swift; sourceTree = "<group>"; };
		A20000010000000000000013 /* AuthViewModel.swift */ = {isa = PBXFileReference; lastKnownFileType = sourcecode.swift; path = AuthViewModel.swift; sourceTree = "<group>"; };
		A20000010000000000000014 /* WelcomeView.swift */ = {isa = PBXFileReference; lastKnownFileType = sourcecode.swift; path = WelcomeView.swift; sourceTree = "<group>"; };
		A20000010000000000000015 /* InviteCodeView.swift */ = {isa = PBXFileReference; lastKnownFileType = sourcecode.swift; path = InviteCodeView.swift; sourceTree = "<group>"; };
		A20000010000000000000016 /* RegisterView.swift */ = {isa = PBXFileReference; lastKnownFileType = sourcecode.swift; path = RegisterView.swift; sourceTree = "<group>"; };
		A20000010000000000000017 /* LoginView.swift */ = {isa = PBXFileReference; lastKnownFileType = sourcecode.swift; path = LoginView.swift; sourceTree = "<group>"; };
		A20000010000000000000018 /* MainTabView.swift */ = {isa = PBXFileReference; lastKnownFileType = sourcecode.swift; path = MainTabView.swift; sourceTree = "<group>"; };
		A20000010000000000000019 /* SettingsView.swift */ = {isa = PBXFileReference; lastKnownFileType = sourcecode.swift; path = SettingsView.swift; sourceTree = "<group>"; };
		A20000010000000000000020 /* PaginatedResponse.swift */ = {isa = PBXFileReference; lastKnownFileType = sourcecode.swift; path = PaginatedResponse.swift; sourceTree = "<group>"; };
		A20000010000000000000021 /* DetectionsViewModel.swift */ = {isa = PBXFileReference; lastKnownFileType = sourcecode.swift; path = DetectionsViewModel.swift; sourceTree = "<group>"; };
		A20000010000000000000022 /* DateFormatters.swift */ = {isa = PBXFileReference; lastKnownFileType = sourcecode.swift; path = DateFormatters.swift; sourceTree = "<group>"; };
		A20000010000000000000023 /* DashboardModels.swift */ = {isa = PBXFileReference; lastKnownFileType = sourcecode.swift; path = DashboardModels.swift; sourceTree = "<group>"; };
		A20000010000000000000024 /* DashboardViewModel.swift */ = {isa = PBXFileReference; lastKnownFileType = sourcecode.swift; path = DashboardViewModel.swift; sourceTree = "<group>"; };
		A20000010000000000000025 /* DashboardView.swift */ = {isa = PBXFileReference; lastKnownFileType = sourcecode.swift; path = DashboardView.swift; sourceTree = "<group>"; };
		A20000010000000000000026 /* SummaryCardsView.swift */ = {isa = PBXFileReference; lastKnownFileType = sourcecode.swift; path = SummaryCardsView.swift; sourceTree = "<group>"; };
		A20000010000000000000027 /* PlayCountChartView.swift */ = {isa = PBXFileReference; lastKnownFileType = sourcecode.swift; path = PlayCountChartView.swift; sourceTree = "<group>"; };
		A20000010000000000000028 /* TopStationsView.swift */ = {isa = PBXFileReference; lastKnownFileType = sourcecode.swift; path = TopStationsView.swift; sourceTree = "<group>"; };
		A20000010000000000000029 /* LoadingView.swift */ = {isa = PBXFileReference; lastKnownFileType = sourcecode.swift; path = LoadingView.swift; sourceTree = "<group>"; };
		A20000010000000000000030 /* ErrorView.swift */ = {isa = PBXFileReference; lastKnownFileType = sourcecode.swift; path = ErrorView.swift; sourceTree = "<group>"; };
		A20000010000000000000031 /* DetectionsView.swift */ = {isa = PBXFileReference; lastKnownFileType = sourcecode.swift; path = DetectionsView.swift; sourceTree = "<group>"; };
		A20000010000000000000032 /* DetectionRowView.swift */ = {isa = PBXFileReference; lastKnownFileType = sourcecode.swift; path = DetectionRowView.swift; sourceTree = "<group>"; };
		A20000010000000000000033 /* FilterChipsView.swift */ = {isa = PBXFileReference; lastKnownFileType = sourcecode.swift; path = FilterChipsView.swift; sourceTree = "<group>"; };
		A20000010000000000000034 /* SearchView.swift */ = {isa = PBXFileReference; lastKnownFileType = sourcecode.swift; path = SearchView.swift; sourceTree = "<group>"; };
		A20000010000000000000035 /* AudioPlayerManager.swift */ = {isa = PBXFileReference; lastKnownFileType = sourcecode.swift; path = AudioPlayerManager.swift; sourceTree = "<group>"; };
		A20000010000000000000036 /* SnippetPlayerView.swift */ = {isa = PBXFileReference; lastKnownFileType = sourcecode.swift; path = SnippetPlayerView.swift; sourceTree = "<group>"; };
		A20000010000000000000037 /* SSEClient.swift */ = {isa = PBXFileReference; lastKnownFileType = sourcecode.swift; path = SSEClient.swift; sourceTree = "<group>"; };
		A20000010000000000000038 /* LiveFeedViewModel.swift */ = {isa = PBXFileReference; lastKnownFileType = sourcecode.swift; path = LiveFeedViewModel.swift; sourceTree = "<group>"; };
		A20000010000000000000039 /* LiveFeedView.swift */ = {isa = PBXFileReference; lastKnownFileType = sourcecode.swift; path = LiveFeedView.swift; sourceTree = "<group>"; };
		A20000010000000000000040 /* NewDetectionsPill.swift */ = {isa = PBXFileReference; lastKnownFileType = sourcecode.swift; path = NewDetectionsPill.swift; sourceTree = "<group>"; };
		A20000010000000000000041 /* ExportService.swift */ = {isa = PBXFileReference; lastKnownFileType = sourcecode.swift; path = ExportService.swift; sourceTree = "<group>"; };
		A20000010000000000000042 /* ExportViewModel.swift */ = {isa = PBXFileReference; lastKnownFileType = sourcecode.swift; path = ExportViewModel.swift; sourceTree = "<group>"; };
		A20000010000000000000043 /* AppDelegate.swift */ = {isa = PBXFileReference; lastKnownFileType = sourcecode.swift; path = AppDelegate.swift; sourceTree = "<group>"; };
		A20000010000000000000044 /* NotificationManager.swift */ = {isa = PBXFileReference; lastKnownFileType = sourcecode.swift; path = NotificationManager.swift; sourceTree = "<group>"; };
		A20000010000000000000045 /* NotificationModels.swift */ = {isa = PBXFileReference; lastKnownFileType = sourcecode.swift; path = NotificationModels.swift; sourceTree = "<group>"; };
		A20000010000000000000046 /* NotificationsViewModel.swift */ = {isa = PBXFileReference; lastKnownFileType = sourcecode.swift; path = NotificationsViewModel.swift; sourceTree = "<group>"; };
		A20000010000000000000047 /* NotificationsSettingsView.swift */ = {isa = PBXFileReference; lastKnownFileType = sourcecode.swift; path = NotificationsSettingsView.swift; sourceTree = "<group>"; };
		A20000010000000000000048 /* DigestDetailView.swift */ = {isa = PBXFileReference; lastKnownFileType = sourcecode.swift; path = DigestDetailView.swift; sourceTree = "<group>"; };
		A20000010000000000000049 /* CompetitorModels.swift */ = {isa = PBXFileReference; lastKnownFileType = sourcecode.swift; path = CompetitorModels.swift; sourceTree = "<group>"; };
		A20000010000000000000050 /* CompetitorListViewModel.swift */ = {isa = PBXFileReference; lastKnownFileType = sourcecode.swift; path = CompetitorListViewModel.swift; sourceTree = "<group>"; };
		A20000010000000000000051 /* CompetitorDetailViewModel.swift */ = {isa = PBXFileReference; lastKnownFileType = sourcecode.swift; path = CompetitorDetailViewModel.swift; sourceTree = "<group>"; };
		A20000010000000000000052 /* CompetitorListView.swift */ = {isa = PBXFileReference; lastKnownFileType = sourcecode.swift; path = CompetitorListView.swift; sourceTree = "<group>"; };
		A20000010000000000000053 /* CompetitorDetailView.swift */ = {isa = PBXFileReference; lastKnownFileType = sourcecode.swift; path = CompetitorDetailView.swift; sourceTree = "<group>"; };
		A20000010000000000000054 /* CompetitorStationPickerView.swift */ = {isa = PBXFileReference; lastKnownFileType = sourcecode.swift; path = CompetitorStationPickerView.swift; sourceTree = "<group>"; };
		A30000010000000000000001 /* myFuckingMusic.app */ = {isa = PBXFileReference; explicitFileType = wrapper.application; includeInIndex = 0; path = myFuckingMusic.app; sourceTree = BUILT_PRODUCTS_DIR; };
/* End PBXFileReference section */

/* Begin PBXFrameworksBuildPhase section */
		A40000010000000000000001 /* Frameworks */ = {
			isa = PBXFrameworksBuildPhase;
			buildActionMask = 2147483647;
			files = (
			);
			runOnlyForDeploymentPostprocessing = 0;
		};
/* End PBXFrameworksBuildPhase section */

/* Begin PBXGroup section */
		A50000010000000000000001 /* Root */ = {
			isa = PBXGroup;
			children = (
				A50000010000000000000002 /* App */,
				A50000010000000000000003 /* Models */,
				A50000010000000000000004 /* ViewModels */,
				A50000010000000000000005 /* Views */,
				A50000010000000000000006 /* Services */,
				A50000010000000000000007 /* Utilities */,
				A50000010000000000000008 /* Resources */,
				A50000010000000000000009 /* Products */,
			);
			sourceTree = "<group>";
		};
		A50000010000000000000002 /* App */ = {
			isa = PBXGroup;
			children = (
				A20000010000000000000001 /* myFuckingMusicApp.swift */,
				A20000010000000000000043 /* AppDelegate.swift */,
				A20000010000000000000002 /* ContentView.swift */,
			);
			path = App;
			sourceTree = "<group>";
		};
		A50000010000000000000003 /* Models */ = {
			isa = PBXGroup;
			children = (
				A20000010000000000000003 /* Station.swift */,
				A20000010000000000000004 /* Detection.swift */,
				A20000010000000000000005 /* User.swift */,
				A20000010000000000000006 /* AudioSnippet.swift */,
				A20000010000000000000007 /* Invitation.swift */,
				A20000010000000000000012 /* AuthResponse.swift */,
				A20000010000000000000020 /* PaginatedResponse.swift */,
				A20000010000000000000023 /* DashboardModels.swift */,
				A20000010000000000000045 /* NotificationModels.swift */,
				A20000010000000000000049 /* CompetitorModels.swift */,
			);
			path = Models;
			sourceTree = "<group>";
		};
		A50000010000000000000004 /* ViewModels */ = {
			isa = PBXGroup;
			children = (
				A20000010000000000000013 /* AuthViewModel.swift */,
				A20000010000000000000021 /* DetectionsViewModel.swift */,
				A20000010000000000000024 /* DashboardViewModel.swift */,
				A20000010000000000000038 /* LiveFeedViewModel.swift */,
				A20000010000000000000042 /* ExportViewModel.swift */,
				A20000010000000000000046 /* NotificationsViewModel.swift */,
				A20000010000000000000050 /* CompetitorListViewModel.swift */,
				A20000010000000000000051 /* CompetitorDetailViewModel.swift */,
			);
			path = ViewModels;
			sourceTree = "<group>";
		};
		A50000010000000000000005 /* Views */ = {
			isa = PBXGroup;
			children = (
				A50000010000000000000010 /* Auth */,
				A50000010000000000000018 /* Competitors */,
				A50000010000000000000012 /* Dashboard */,
				A50000010000000000000014 /* Detections */,
				A50000010000000000000016 /* LiveFeed */,
				A50000010000000000000017 /* Notifications */,
				A50000010000000000000015 /* Search */,
				A50000010000000000000011 /* Settings */,
				A50000010000000000000013 /* Shared */,
				A20000010000000000000018 /* MainTabView.swift */,
			);
			path = Views;
			sourceTree = "<group>";
		};
		A50000010000000000000016 /* LiveFeed */ = {
			isa = PBXGroup;
			children = (
				A20000010000000000000039 /* LiveFeedView.swift */,
				A20000010000000000000040 /* NewDetectionsPill.swift */,
			);
			path = LiveFeed;
			sourceTree = "<group>";
		};
		A50000010000000000000010 /* Auth */ = {
			isa = PBXGroup;
			children = (
				A20000010000000000000014 /* WelcomeView.swift */,
				A20000010000000000000015 /* InviteCodeView.swift */,
				A20000010000000000000016 /* RegisterView.swift */,
				A20000010000000000000017 /* LoginView.swift */,
			);
			path = Auth;
			sourceTree = "<group>";
		};
		A50000010000000000000011 /* Settings */ = {
			isa = PBXGroup;
			children = (
				A20000010000000000000019 /* SettingsView.swift */,
				A20000010000000000000047 /* NotificationsSettingsView.swift */,
			);
			path = Settings;
			sourceTree = "<group>";
		};
		A50000010000000000000012 /* Dashboard */ = {
			isa = PBXGroup;
			children = (
				A20000010000000000000025 /* DashboardView.swift */,
				A20000010000000000000026 /* SummaryCardsView.swift */,
				A20000010000000000000027 /* PlayCountChartView.swift */,
				A20000010000000000000028 /* TopStationsView.swift */,
			);
			path = Dashboard;
			sourceTree = "<group>";
		};
		A50000010000000000000013 /* Shared */ = {
			isa = PBXGroup;
			children = (
				A20000010000000000000029 /* LoadingView.swift */,
				A20000010000000000000030 /* ErrorView.swift */,
			);
			path = Shared;
			sourceTree = "<group>";
		};
		A50000010000000000000014 /* Detections */ = {
			isa = PBXGroup;
			children = (
				A20000010000000000000031 /* DetectionsView.swift */,
				A20000010000000000000032 /* DetectionRowView.swift */,
				A20000010000000000000033 /* FilterChipsView.swift */,
				A20000010000000000000036 /* SnippetPlayerView.swift */,
			);
			path = Detections;
			sourceTree = "<group>";
		};
		A50000010000000000000015 /* Search */ = {
			isa = PBXGroup;
			children = (
				A20000010000000000000034 /* SearchView.swift */,
			);
			path = Search;
			sourceTree = "<group>";
		};
		A50000010000000000000006 /* Services */ = {
			isa = PBXGroup;
			children = (
				A20000010000000000000008 /* APIClient.swift */,
				A20000010000000000000009 /* APIEndpoint.swift */,
				A20000010000000000000010 /* KeychainHelper.swift */,
				A20000010000000000000011 /* AuthManager.swift */,
				A20000010000000000000035 /* AudioPlayerManager.swift */,
				A20000010000000000000037 /* SSEClient.swift */,
				A20000010000000000000041 /* ExportService.swift */,
				A20000010000000000000044 /* NotificationManager.swift */,
			);
			path = Services;
			sourceTree = "<group>";
		};
		A50000010000000000000007 /* Utilities */ = {
			isa = PBXGroup;
			children = (
				A20000010000000000000022 /* DateFormatters.swift */,
			);
			path = Utilities;
			sourceTree = "<group>";
		};
		A50000010000000000000008 /* Resources */ = {
			isa = PBXGroup;
			children = (
			);
			path = Resources;
			sourceTree = "<group>";
		};
		A50000010000000000000009 /* Products */ = {
			isa = PBXGroup;
			children = (
				A30000010000000000000001 /* myFuckingMusic.app */,
			);
			name = Products;
			sourceTree = "<group>";
		};
		A50000010000000000000017 /* Notifications */ = {
			isa = PBXGroup;
			children = (
				A20000010000000000000048 /* DigestDetailView.swift */,
			);
			path = Notifications;
			sourceTree = "<group>";
		};
		A50000010000000000000018 /* Competitors */ = {
			isa = PBXGroup;
			children = (
				A20000010000000000000052 /* CompetitorListView.swift */,
				A20000010000000000000053 /* CompetitorDetailView.swift */,
				A20000010000000000000054 /* CompetitorStationPickerView.swift */,
			);
			path = Competitors;
			sourceTree = "<group>";
		};
/* End PBXGroup section */

/* Begin PBXNativeTarget section */
		A60000010000000000000001 /* myFuckingMusic */ = {
			isa = PBXNativeTarget;
			buildConfigurationList = A80000010000000000000003 /* Build configuration list for PBXNativeTarget "myFuckingMusic" */;
			buildPhases = (
				A70000010000000000000001 /* Sources */,
				A40000010000000000000001 /* Frameworks */,
			);
			buildRules = (
			);
			dependencies = (
			);
			name = myFuckingMusic;
			productName = myFuckingMusic;
			productReference = A30000010000000000000001 /* myFuckingMusic.app */;
			productType = "com.apple.product-type.application";
		};
/* End PBXNativeTarget section */

/* Begin PBXProject section */
		A90000010000000000000001 /* Project object */ = {
			isa = PBXProject;
			attributes = {
				BuildIndependentTargetsInParallel = 1;
				LastSwiftUpdateCheck = 1600;
				LastUpgradeCheck = 1600;
				TargetAttributes = {
					A60000010000000000000001 = {
						CreatedOnToolsVersion = 16.0;
					};
				};
			};
			buildConfigurationList = A80000010000000000000001 /* Build configuration list for PBXProject "myFuckingMusic" */;
			compatibilityVersion = "Xcode 14.0";
			developmentRegion = en;
			hasScannedForEncodings = 0;
			knownRegions = (
				en,
				Base,
			);
			mainGroup = A50000010000000000000001 /* Root */;
			productRefGroup = A50000010000000000000009 /* Products */;
			projectDirPath = "";
			projectRoot = "";
			targets = (
				A60000010000000000000001 /* myFuckingMusic */,
			);
		};
/* End PBXProject section */

/* Begin PBXSourcesBuildPhase section */
		A70000010000000000000001 /* Sources */ = {
			isa = PBXSourcesBuildPhase;
			buildActionMask = 2147483647;
			files = (
				A10000010000000000000001 /* myFuckingMusicApp.swift in Sources */,
				A10000010000000000000002 /* ContentView.swift in Sources */,
				A10000010000000000000003 /* Station.swift in Sources */,
				A10000010000000000000004 /* Detection.swift in Sources */,
				A10000010000000000000005 /* User.swift in Sources */,
				A10000010000000000000006 /* AudioSnippet.swift in Sources */,
				A10000010000000000000007 /* Invitation.swift in Sources */,
				A10000010000000000000008 /* APIClient.swift in Sources */,
				A10000010000000000000009 /* APIEndpoint.swift in Sources */,
				A10000010000000000000010 /* KeychainHelper.swift in Sources */,
				A10000010000000000000011 /* AuthManager.swift in Sources */,
				A10000010000000000000012 /* AuthResponse.swift in Sources */,
				A10000010000000000000013 /* AuthViewModel.swift in Sources */,
				A10000010000000000000014 /* WelcomeView.swift in Sources */,
				A10000010000000000000015 /* InviteCodeView.swift in Sources */,
				A10000010000000000000016 /* RegisterView.swift in Sources */,
				A10000010000000000000017 /* LoginView.swift in Sources */,
				A10000010000000000000018 /* MainTabView.swift in Sources */,
				A10000010000000000000019 /* SettingsView.swift in Sources */,
				A10000010000000000000020 /* PaginatedResponse.swift in Sources */,
				A10000010000000000000021 /* DetectionsViewModel.swift in Sources */,
				A10000010000000000000022 /* DateFormatters.swift in Sources */,
				A10000010000000000000023 /* DashboardModels.swift in Sources */,
				A10000010000000000000024 /* DashboardViewModel.swift in Sources */,
				A10000010000000000000025 /* DashboardView.swift in Sources */,
				A10000010000000000000026 /* SummaryCardsView.swift in Sources */,
				A10000010000000000000027 /* PlayCountChartView.swift in Sources */,
				A10000010000000000000028 /* TopStationsView.swift in Sources */,
				A10000010000000000000029 /* LoadingView.swift in Sources */,
				A10000010000000000000030 /* ErrorView.swift in Sources */,
				A10000010000000000000031 /* DetectionsView.swift in Sources */,
				A10000010000000000000032 /* DetectionRowView.swift in Sources */,
				A10000010000000000000033 /* FilterChipsView.swift in Sources */,
				A10000010000000000000034 /* SearchView.swift in Sources */,
				A10000010000000000000035 /* AudioPlayerManager.swift in Sources */,
				A10000010000000000000036 /* SnippetPlayerView.swift in Sources */,
				A10000010000000000000037 /* SSEClient.swift in Sources */,
				A10000010000000000000038 /* LiveFeedViewModel.swift in Sources */,
				A10000010000000000000039 /* LiveFeedView.swift in Sources */,
				A10000010000000000000040 /* NewDetectionsPill.swift in Sources */,
				A10000010000000000000041 /* ExportService.swift in Sources */,
				A10000010000000000000042 /* ExportViewModel.swift in Sources */,
				A10000010000000000000043 /* AppDelegate.swift in Sources */,
				A10000010000000000000044 /* NotificationManager.swift in Sources */,
				A10000010000000000000045 /* NotificationModels.swift in Sources */,
				A10000010000000000000046 /* NotificationsViewModel.swift in Sources */,
				A10000010000000000000047 /* NotificationsSettingsView.swift in Sources */,
				A10000010000000000000048 /* DigestDetailView.swift in Sources */,
				A10000010000000000000049 /* CompetitorModels.swift in Sources */,
				A10000010000000000000050 /* CompetitorListViewModel.swift in Sources */,
				A10000010000000000000051 /* CompetitorDetailViewModel.swift in Sources */,
				A10000010000000000000052 /* CompetitorListView.swift in Sources */,
				A10000010000000000000053 /* CompetitorDetailView.swift in Sources */,
				A10000010000000000000054 /* CompetitorStationPickerView.swift in Sources */,
			);
			runOnlyForDeploymentPostprocessing = 0;
		};
/* End PBXSourcesBuildPhase section */

/* Begin XCBuildConfiguration section */
		AA0000010000000000000001 /* Debug */ = {
			isa = XCBuildConfiguration;
			buildSettings = {
				ALWAYS_SEARCH_USER_PATHS = NO;
				ASSETCATALOG_COMPILER_GENERATE_SWIFT_ASSET_SYMBOL_EXTENSIONS = YES;
				CLANG_ANALYZER_NONNULL = YES;
				CLANG_ANALYZER_NUMBER_OBJECT_CONVERSION = YES_AGGRESSIVE;
				CLANG_CXX_LANGUAGE_STANDARD = "gnu++20";
				CLANG_ENABLE_MODULES = YES;
				CLANG_ENABLE_OBJC_ARC = YES;
				CLANG_ENABLE_OBJC_WEAK = YES;
				CLANG_WARN_BLOCK_CAPTURE_AUTORELEASING = YES;
				CLANG_WARN_BOOL_CONVERSION = YES;
				CLANG_WARN_COMMA = YES;
				CLANG_WARN_CONSTANT_CONVERSION = YES;
				CLANG_WARN_DEPRECATED_OBJC_IMPLEMENTATIONS = YES;
				CLANG_WARN_DIRECT_OBJC_ISA_USAGE = YES_ERROR;
				CLANG_WARN_DOCUMENTATION_COMMENTS = YES;
				CLANG_WARN_EMPTY_BODY = YES;
				CLANG_WARN_ENUM_CONVERSION = YES;
				CLANG_WARN_INFINITE_RECURSION = YES;
				CLANG_WARN_INT_CONVERSION = YES;
				CLANG_WARN_NON_LITERAL_NULL_CONVERSION = YES;
				CLANG_WARN_OBJC_IMPLICIT_RETAIN_SELF = YES;
				CLANG_WARN_OBJC_LITERAL_CONVERSION = YES;
				CLANG_WARN_OBJC_ROOT_CLASS = YES_ERROR;
				CLANG_WARN_QUOTED_INCLUDE_IN_FRAMEWORK_HEADER = YES;
				CLANG_WARN_RANGE_LOOP_ANALYSIS = YES;
				CLANG_WARN_STRICT_PROTOTYPES = YES;
				CLANG_WARN_SUSPICIOUS_MOVE = YES;
				CLANG_WARN_UNGUARDED_AVAILABILITY = YES_AGGRESSIVE;
				CLANG_WARN_UNREACHABLE_CODE = YES;
				CLANG_WARN__DUPLICATE_METHOD_MATCH = YES;
				COPY_PHASE_STRIP = NO;
				DEBUG_INFORMATION_FORMAT = dwarf;
				ENABLE_STRICT_OBJC_MSGSEND = YES;
				ENABLE_TESTABILITY = YES;
				ENABLE_USER_SCRIPT_SANDBOXING = YES;
				GCC_C_LANGUAGE_STANDARD = gnu17;
				GCC_DYNAMIC_NO_PIC = NO;
				GCC_NO_COMMON_BLOCKS = YES;
				GCC_OPTIMIZATION_LEVEL = 0;
				GCC_PREPROCESSOR_DEFINITIONS = (
					"DEBUG=1",
					"$(inherited)",
				);
				GCC_WARN_64_TO_32_BIT_CONVERSION = YES;
				GCC_WARN_ABOUT_RETURN_TYPE = YES_ERROR;
				GCC_WARN_UNDECLARED_SELECTOR = YES;
				GCC_WARN_UNINITIALIZED_AUTOS = YES_AGGRESSIVE;
				GCC_WARN_UNUSED_FUNCTION = YES;
				GCC_WARN_UNUSED_VARIABLE = YES;
				IPHONEOS_DEPLOYMENT_TARGET = 17.0;
				MTL_ENABLE_DEBUG_INFO = INCLUDE_SOURCE;
				MTL_FAST_MATH = YES;
				ONLY_ACTIVE_ARCH = YES;
				SDKROOT = iphoneos;
				SWIFT_ACTIVE_COMPILATION_CONDITIONS = "$(inherited) DEBUG";
				SWIFT_OPTIMIZATION_LEVEL = "-Onone";
			};
			name = Debug;
		};
		AA0000010000000000000002 /* Release */ = {
			isa = XCBuildConfiguration;
			buildSettings = {
				ALWAYS_SEARCH_USER_PATHS = NO;
				ASSETCATALOG_COMPILER_GENERATE_SWIFT_ASSET_SYMBOL_EXTENSIONS = YES;
				CLANG_ANALYZER_NONNULL = YES;
				CLANG_ANALYZER_NUMBER_OBJECT_CONVERSION = YES_AGGRESSIVE;
				CLANG_CXX_LANGUAGE_STANDARD = "gnu++20";
				CLANG_ENABLE_MODULES = YES;
				CLANG_ENABLE_OBJC_ARC = YES;
				CLANG_ENABLE_OBJC_WEAK = YES;
				CLANG_WARN_BLOCK_CAPTURE_AUTORELEASING = YES;
				CLANG_WARN_BOOL_CONVERSION = YES;
				CLANG_WARN_COMMA = YES;
				CLANG_WARN_CONSTANT_CONVERSION = YES;
				CLANG_WARN_DEPRECATED_OBJC_IMPLEMENTATIONS = YES;
				CLANG_WARN_DIRECT_OBJC_ISA_USAGE = YES_ERROR;
				CLANG_WARN_DOCUMENTATION_COMMENTS = YES;
				CLANG_WARN_EMPTY_BODY = YES;
				CLANG_WARN_ENUM_CONVERSION = YES;
				CLANG_WARN_INFINITE_RECURSION = YES;
				CLANG_WARN_INT_CONVERSION = YES;
				CLANG_WARN_NON_LITERAL_NULL_CONVERSION = YES;
				CLANG_WARN_OBJC_IMPLICIT_RETAIN_SELF = YES;
				CLANG_WARN_OBJC_LITERAL_CONVERSION = YES;
				CLANG_WARN_OBJC_ROOT_CLASS = YES_ERROR;
				CLANG_WARN_QUOTED_INCLUDE_IN_FRAMEWORK_HEADER = YES;
				CLANG_WARN_RANGE_LOOP_ANALYSIS = YES;
				CLANG_WARN_STRICT_PROTOTYPES = YES;
				CLANG_WARN_SUSPICIOUS_MOVE = YES;
				CLANG_WARN_UNGUARDED_AVAILABILITY = YES_AGGRESSIVE;
				CLANG_WARN_UNREACHABLE_CODE = YES;
				CLANG_WARN__DUPLICATE_METHOD_MATCH = YES;
				COPY_PHASE_STRIP = NO;
				DEBUG_INFORMATION_FORMAT = "dwarf-with-dsym";
				ENABLE_NS_ASSERTIONS = NO;
				ENABLE_STRICT_OBJC_MSGSEND = YES;
				ENABLE_USER_SCRIPT_SANDBOXING = YES;
				GCC_C_LANGUAGE_STANDARD = gnu17;
				GCC_NO_COMMON_BLOCKS = YES;
				GCC_WARN_64_TO_32_BIT_CONVERSION = YES;
				GCC_WARN_ABOUT_RETURN_TYPE = YES_ERROR;
				GCC_WARN_UNDECLARED_SELECTOR = YES;
				GCC_WARN_UNINITIALIZED_AUTOS = YES_AGGRESSIVE;
				GCC_WARN_UNUSED_FUNCTION = YES;
				GCC_WARN_UNUSED_VARIABLE = YES;
				IPHONEOS_DEPLOYMENT_TARGET = 17.0;
				MTL_ENABLE_DEBUG_INFO = NO;
				MTL_FAST_MATH = YES;
				SDKROOT = iphoneos;
				SWIFT_COMPILATION_MODE = wholemodule;
				VALIDATE_PRODUCT = YES;
			};
			name = Release;
		};
		AB0000010000000000000001 /* Debug */ = {
			isa = XCBuildConfiguration;
			buildSettings = {
				ASSETCATALOG_COMPILER_APPICON_NAME = AppIcon;
				ASSETCATALOG_COMPILER_GLOBAL_ACCENT_COLOR_NAME = AccentColor;
				CODE_SIGN_STYLE = Automatic;
				CURRENT_PROJECT_VERSION = 1;
				DEVELOPMENT_TEAM = "";
				ENABLE_PREVIEWS = YES;
				GENERATE_INFOPLIST_FILE = YES;
				INFOPLIST_KEY_UIApplicationSceneManifest_Generation = YES;
				INFOPLIST_KEY_UIApplicationSupportsIndirectInputEvents = YES;
				INFOPLIST_KEY_UILaunchScreen_Generation = YES;
				INFOPLIST_KEY_UISupportedInterfaceOrientations_iPad = "UIInterfaceOrientationPortrait UIInterfaceOrientationPortraitUpsideDown UIInterfaceOrientationLandscapeLeft UIInterfaceOrientationLandscapeRight";
				INFOPLIST_KEY_UISupportedInterfaceOrientations_iPhone = "UIInterfaceOrientationPortrait UIInterfaceOrientationLandscapeLeft UIInterfaceOrientationLandscapeRight";
				LD_RUNPATH_SEARCH_PATHS = (
					"$(inherited)",
					"@executable_path/Frameworks",
				);
				MARKETING_VERSION = 1.0;
				PRODUCT_BUNDLE_IDENTIFIER = com.myfuckingmusic.app;
				PRODUCT_NAME = "$(TARGET_NAME)";
				SWIFT_EMIT_LOC_STRINGS = YES;
				SWIFT_STRICT_CONCURRENCY = complete;
				SWIFT_VERSION = 5.0;
				TARGETED_DEVICE_FAMILY = "1,2";
			};
			name = Debug;
		};
		AB0000010000000000000002 /* Release */ = {
			isa = XCBuildConfiguration;
			buildSettings = {
				ASSETCATALOG_COMPILER_APPICON_NAME = AppIcon;
				ASSETCATALOG_COMPILER_GLOBAL_ACCENT_COLOR_NAME = AccentColor;
				CODE_SIGN_STYLE = Automatic;
				CURRENT_PROJECT_VERSION = 1;
				DEVELOPMENT_TEAM = "";
				ENABLE_PREVIEWS = YES;
				GENERATE_INFOPLIST_FILE = YES;
				INFOPLIST_KEY_UIApplicationSceneManifest_Generation = YES;
				INFOPLIST_KEY_UIApplicationSupportsIndirectInputEvents = YES;
				INFOPLIST_KEY_UILaunchScreen_Generation = YES;
				INFOPLIST_KEY_UISupportedInterfaceOrientations_iPad = "UIInterfaceOrientationPortrait UIInterfaceOrientationPortraitUpsideDown UIInterfaceOrientationLandscapeLeft UIInterfaceOrientationLandscapeRight";
				INFOPLIST_KEY_UISupportedInterfaceOrientations_iPhone = "UIInterfaceOrientationPortrait UIInterfaceOrientationLandscapeLeft UIInterfaceOrientationLandscapeRight";
				LD_RUNPATH_SEARCH_PATHS = (
					"$(inherited)",
					"@executable_path/Frameworks",
				);
				MARKETING_VERSION = 1.0;
				PRODUCT_BUNDLE_IDENTIFIER = com.myfuckingmusic.app;
				PRODUCT_NAME = "$(TARGET_NAME)";
				SWIFT_EMIT_LOC_STRINGS = YES;
				SWIFT_STRICT_CONCURRENCY = complete;
				SWIFT_VERSION = 5.0;
				TARGETED_DEVICE_FAMILY = "1,2";
			};
			name = Release;
		};
/* End XCBuildConfiguration section */

/* Begin XCConfigurationList section */
		A80000010000000000000001 /* Build configuration list for PBXProject "myFuckingMusic" */ = {
			isa = XCConfigurationList;
			buildConfigurations = (
				AA0000010000000000000001 /* Debug */,
				AA0000010000000000000002 /* Release */,
			);
			defaultConfigurationIsVisible = 0;
			defaultConfigurationName = Release;
		};
		A80000010000000000000003 /* Build configuration list for PBXNativeTarget "myFuckingMusic" */ = {
			isa = XCConfigurationList;
			buildConfigurations = (
				AB0000010000000000000001 /* Debug */,
				AB0000010000000000000002 /* Release */,
			);
			defaultConfigurationIsVisible = 0;
			defaultConfigurationName = Release;
		};
/* End XCConfigurationList section */

	};
	rootObject = A90000010000000000000001 /* Project object */;
}
